
Microsoft Visual Studio Solution File, Format Version 12.00
# Visual Studio Version 16
VisualStudioVersion = 16.0.29102.190
MinimumVisualStudioVersion = 10.0.40219.1
Project("{9A19103F-16F7-4668-BE54-9A1E7A4F7556}") = "EasyMoq", "EasyMoq\EasyMoq.csproj", "{43057F17-663D-42B9-AF11-FEA937C89B6A}"
EndProject
Project("{9A19103F-16F7-4668-BE54-9A1E7A4F7556}") = "EasyMoq.Tests", "EasyMoq.Tests\EasyMoq.Tests.csproj", "{2B5FC534-64D7-4D1B-818C-A0AC1B058D62}"
EndProject
Project("{FAE04EC0-301F-11D3-BF4B-00C04F79EFBC}") = "EasyMoq.Examples", "EasyMoq.Examples\EasyMoq.Examples.csproj", "{15C16AE9-4B7A-4103-84AF-EBFCCCBFBC25}"
EndProject
Project("{2150E333-8FDC-42A3-9474-1A3956D46DE8}") = "ProjectItems", "ProjectItems", "{A5805A24-0A61-477A-908D-D4B3A57B865D}"
EndProject
Global
	GlobalSection(SolutionConfigurationPlatforms) = preSolution
		Debug|Any CPU = Debug|Any CPU
		Release|Any CPU = Release|Any CPU
	EndGlobalSection
	GlobalSection(ProjectConfigurationPlatforms) = postSolution
		{43057F17-663D-42B9-AF11-FEA937C89B6A}.Debug|Any CPU.ActiveCfg = Debug|Any CPU
		{43057F17-663D-42B9-AF11-FEA937C89B6A}.Debug|Any CPU.Build.0 = Debug|Any CPU
		{43057F17-663D-42B9-AF11-FEA937C89B6A}.Release|Any CPU.ActiveCfg = Release|Any CPU
		{43057F17-663D-42B9-AF11-FEA937C89B6A}.Release|Any CPU.Build.0 = Release|Any CPU
		{2B5FC534-64D7-4D1B-818C-A0AC1B058D62}.Debug|Any CPU.ActiveCfg = Debug|Any CPU
		{2B5FC534-64D7-4D1B-818C-A0AC1B058D62}.Debug|Any CPU.Build.0 = Debug|Any CPU
		{2B5FC534-64D7-4D1B-818C-A0AC1B058D62}.Release|Any CPU.ActiveCfg = Release|Any CPU
		{2B5FC534-64D7-4D1B-818C-A0AC1B058D62}.Release|Any CPU.Build.0 = Release|Any CPU
		{15C16AE9-4B7A-4103-84AF-EBFCCCBFBC25}.Debug|Any CPU.ActiveCfg = Debug|Any CPU
		{15C16AE9-4B7A-4103-84AF-EBFCCCBFBC25}.Debug|Any CPU.Build.0 = Debug|Any CPU
		{15C16AE9-4B7A-4103-84AF-EBFCCCBFBC25}.Release|Any CPU.ActiveCfg = Release|Any CPU
		{15C16AE9-4B7A-4103-84AF-EBFCCCBFBC25}.Release|Any CPU.Build.0 = Release|Any CPU
	EndGlobalSection
	GlobalSection(SolutionProperties) = preSolution
		HideSolutionNode = FALSE
	EndGlobalSection
	GlobalSection(NestedProjects) = preSolution
		{15C16AE9-4B7A-4103-84AF-EBFCCCBFBC25} = {A5805A24-0A61-477A-908D-D4B3A57B865D}
	EndGlobalSection
	GlobalSection(ExtensibilityGlobals) = postSolution
		SolutionGuid = {8494BDE1-0B2F-43F5-BC86-EE639A4DD0D1}
	EndGlobalSection
EndGlobal
